// !$*UTF8*$!
{
	archiveVersion = 1;
	classes = {
	};
	objectVersion = 50;
	objects = {

/* Begin PBXBuildFile section */
		B315003224B57FE900AC9FC5 /* UnstoppableNotificationSoundiOSApp.swift in Sources */ = {isa = PBXBuildFile; fileRef = B315003124B57FE900AC9FC5 /* UnstoppableNotificationSoundiOSApp.swift */; };
		B315003424B57FE900AC9FC5 /* ContentView.swift in Sources */ = {isa = PBXBuildFile; fileRef = B315003324B57FE900AC9FC5 /* ContentView.swift */; };
		B315003624B57FEA00AC9FC5 /* Assets.xcassets in Resources */ = {isa = PBXBuildFile; fileRef = B315003524B57FEA00AC9FC5 /* Assets.xcassets */; };
		B315003924B57FEA00AC9FC5 /* Preview Assets.xcassets in Resources */ = {isa = PBXBuildFile; fileRef = B315003824B57FEA00AC9FC5 /* Preview Assets.xcassets */; };
		B3BAA91A24B56B8B00C24C1C /* UnstoppableNotificationSoundApp.swift in Sources */ = {isa = PBXBuildFile; fileRef = B3BAA91924B56B8B00C24C1C /* UnstoppableNotificationSoundApp.swift */; };
		B3BAA91C24B56B8B00C24C1C /* ContentView.swift in Sources */ = {isa = PBXBuildFile; fileRef = B3BAA91B24B56B8B00C24C1C /* ContentView.swift */; };
		B3BAA91E24B56B9100C24C1C /* Assets.xcassets in Resources */ = {isa = PBXBuildFile; fileRef = B3BAA91D24B56B9100C24C1C /* Assets.xcassets */; };
		B3BAA92124B56B9100C24C1C /* Preview Assets.xcassets in Resources */ = {isa = PBXBuildFile; fileRef = B3BAA92024B56B9100C24C1C /* Preview Assets.xcassets */; };
		B3DCF20C24B5985A008EDA55 /* DigitalWatchFS22627.m4a in Resources */ = {isa = PBXBuildFile; fileRef = B3DCF20A24B5985A008EDA55 /* DigitalWatchFS22627.m4a */; };
		B3DCF20D24B5985A008EDA55 /* DigitalWatchFS22627.m4a in Resources */ = {isa = PBXBuildFile; fileRef = B3DCF20A24B5985A008EDA55 /* DigitalWatchFS22627.m4a */; };
		B3DCF20E24B5985A008EDA55 /* Notifications.swift in Sources */ = {isa = PBXBuildFile; fileRef = B3DCF20B24B5985A008EDA55 /* Notifications.swift */; };
		B3DCF20F24B5985A008EDA55 /* Notifications.swift in Sources */ = {isa = PBXBuildFile; fileRef = B3DCF20B24B5985A008EDA55 /* Notifications.swift */; };
/* End PBXBuildFile section */

/* Begin PBXFileReference section */
		B315002F24B57FE900AC9FC5 /* UnstoppableNotificationSoundiOS.app */ = {isa = PBXFileReference; explicitFileType = wrapper.application; includeInIndex = 0; path = UnstoppableNotificationSoundiOS.app; sourceTree = BUILT_PRODUCTS_DIR; };
		B315003124B57FE900AC9FC5 /* UnstoppableNotificationSoundiOSApp.swift */ = {isa = PBXFileReference; lastKnownFileType = sourcecode.swift; path = UnstoppableNotificationSoundiOSApp.swift; sourceTree = "<group>"; };
		B315003324B57FE900AC9FC5 /* ContentView.swift */ = {isa = PBXFileReference; lastKnownFileType = sourcecode.swift; path = ContentView.swift; sourceTree = "<group>"; };
		B315003524B57FEA00AC9FC5 /* Assets.xcassets */ = {isa = PBXFileReference; lastKnownFileType = folder.assetcatalog; path = Assets.xcassets; sourceTree = "<group>"; };
		B315003824B57FEA00AC9FC5 /* Preview Assets.xcassets */ = {isa = PBXFileReference; lastKnownFileType = folder.assetcatalog; path = "Preview Assets.xcassets"; sourceTree = "<group>"; };
		B315003A24B57FEA00AC9FC5 /* Info.plist */ = {isa = PBXFileReference; lastKnownFileType = text.plist.xml; path = Info.plist; sourceTree = "<group>"; };
		B3BAA91624B56B8B00C24C1C /* UnstoppableNotificationSound.app */ = {isa = PBXFileReference; explicitFileType = wrapper.application; includeInIndex = 0; path = UnstoppableNotificationSound.app; sourceTree = BUILT_PRODUCTS_DIR; };
		B3BAA91924B56B8B00C24C1C /* UnstoppableNotificationSoundApp.swift */ = {isa = PBXFileReference; lastKnownFileType = sourcecode.swift; path = UnstoppableNotificationSoundApp.swift; sourceTree = "<group>"; };
		B3BAA91B24B56B8B00C24C1C /* ContentView.swift */ = {isa = PBXFileReference; lastKnownFileType = sourcecode.swift; path = ContentView.swift; sourceTree = "<group>"; };
		B3BAA91D24B56B9100C24C1C /* Assets.xcassets */ = {isa = PBXFileReference; lastKnownFileType = folder.assetcatalog; path = Assets.xcassets; sourceTree = "<group>"; };
		B3BAA92024B56B9100C24C1C /* Preview Assets.xcassets */ = {isa = PBXFileReference; lastKnownFileType = folder.assetcatalog; path = "Preview Assets.xcassets"; sourceTree = "<group>"; };
		B3BAA92224B56B9100C24C1C /* Info.plist */ = {isa = PBXFileReference; lastKnownFileType = text.plist.xml; path = Info.plist; sourceTree = "<group>"; };
		B3BAA92324B56B9100C24C1C /* UnstoppableNotificationSound.entitlements */ = {isa = PBXFileReference; lastKnownFileType = text.plist.entitlements; path = UnstoppableNotificationSound.entitlements; sourceTree = "<group>"; };
		B3DCF20A24B5985A008EDA55 /* DigitalWatchFS22627.m4a */ = {isa = PBXFileReference; lastKnownFileType = file; path = DigitalWatchFS22627.m4a; sourceTree = "<group>"; };
		B3DCF20B24B5985A008EDA55 /* Notifications.swift */ = {isa = PBXFileReference; fileEncoding = 4; lastKnownFileType = sourcecode.swift; path = Notifications.swift; sourceTree = "<group>"; };
/* End PBXFileReference section */

/* Begin PBXFrameworksBuildPhase section */
		B315002C24B57FE900AC9FC5 /* Frameworks */ = {
			isa = PBXFrameworksBuildPhase;
			buildActionMask = 2147483647;
			files = (
			);
			runOnlyForDeploymentPostprocessing = 0;
		};
		B3BAA91324B56B8B00C24C1C /* Frameworks */ = {
			isa = PBXFrameworksBuildPhase;
			buildActionMask = 2147483647;
			files = (
			);
			runOnlyForDeploymentPostprocessing = 0;
		};
/* End PBXFrameworksBuildPhase section */

/* Begin PBXGroup section */
		B315003024B57FE900AC9FC5 /* UnstoppableNotificationSoundiOS */ = {
			isa = PBXGroup;
			children = (
				B315003124B57FE900AC9FC5 /* UnstoppableNotificationSoundiOSApp.swift */,
				B315003324B57FE900AC9FC5 /* ContentView.swift */,
				B315003524B57FEA00AC9FC5 /* Assets.xcassets */,
				B315003A24B57FEA00AC9FC5 /* Info.plist */,
				B315003724B57FEA00AC9FC5 /* Preview Content */,
			);
			path = UnstoppableNotificationSoundiOS;
			sourceTree = "<group>";
		};
		B315003724B57FEA00AC9FC5 /* Preview Content */ = {
			isa = PBXGroup;
			children = (
				B315003824B57FEA00AC9FC5 /* Preview Assets.xcassets */,
			);
			path = "Preview Content";
			sourceTree = "<group>";
		};
		B3BAA90D24B56B8B00C24C1C = {
			isa = PBXGroup;
			children = (
				B3DCF20924B5985A008EDA55 /* Shared */,
				B3BAA91824B56B8B00C24C1C /* UnstoppableNotificationSound */,
				B315003024B57FE900AC9FC5 /* UnstoppableNotificationSoundiOS */,
				B3BAA91724B56B8B00C24C1C /* Products */,
			);
			sourceTree = "<group>";
		};
		B3BAA91724B56B8B00C24C1C /* Products */ = {
			isa = PBXGroup;
			children = (
				B3BAA91624B56B8B00C24C1C /* UnstoppableNotificationSound.app */,
				B315002F24B57FE900AC9FC5 /* UnstoppableNotificationSoundiOS.app */,
			);
			name = Products;
			sourceTree = "<group>";
		};
		B3BAA91824B56B8B00C24C1C /* UnstoppableNotificationSound */ = {
			isa = PBXGroup;
			children = (
				B3BAA91924B56B8B00C24C1C /* UnstoppableNotificationSoundApp.swift */,
				B3BAA91B24B56B8B00C24C1C /* ContentView.swift */,
				B3BAA91D24B56B9100C24C1C /* Assets.xcassets */,
				B3BAA92224B56B9100C24C1C /* Info.plist */,
				B3BAA92324B56B9100C24C1C /* UnstoppableNotificationSound.entitlements */,
				B3BAA91F24B56B9100C24C1C /* Preview Content */,
			);
			path = UnstoppableNotificationSound;
			sourceTree = "<group>";
		};
		B3BAA91F24B56B9100C24C1C /* Preview Content */ = {
			isa = PBXGroup;
			children = (
				B3BAA92024B56B9100C24C1C /* Preview Assets.xcassets */,
			);
			path = "Preview Content";
			sourceTree = "<group>";
		};
		B3DCF20924B5985A008EDA55 /* Shared */ = {
			isa = PBXGroup;
			children = (
				B3DCF20A24B5985A008EDA55 /* DigitalWatchFS22627.m4a */,
				B3DCF20B24B5985A008EDA55 /* Notifications.swift */,
			);
			path = Shared;
			sourceTree = "<group>";
		};
/* End PBXGroup section */

/* Begin PBXNativeTarget section */
		B315002E24B57FE900AC9FC5 /* UnstoppableNotificationSoundiOS */ = {
			isa = PBXNativeTarget;
			buildConfigurationList = B315003B24B57FEA00AC9FC5 /* Build configuration list for PBXNativeTarget "UnstoppableNotificationSoundiOS" */;
			buildPhases = (
				B315002B24B57FE900AC9FC5 /* Sources */,
				B315002C24B57FE900AC9FC5 /* Frameworks */,
				B315002D24B57FE900AC9FC5 /* Resources */,
			);
			buildRules = (
			);
			dependencies = (
			);
			name = UnstoppableNotificationSoundiOS;
			productName = UnstoppableNotificationSoundiOS;
			productReference = B315002F24B57FE900AC9FC5 /* UnstoppableNotificationSoundiOS.app */;
			productType = "com.apple.product-type.application";
		};
		B3BAA91524B56B8B00C24C1C /* UnstoppableNotificationSound */ = {
			isa = PBXNativeTarget;
			buildConfigurationList = B3BAA93C24B56B9100C24C1C /* Build configuration list for PBXNativeTarget "UnstoppableNotificationSound" */;
			buildPhases = (
				B3BAA91224B56B8B00C24C1C /* Sources */,
				B3BAA91324B56B8B00C24C1C /* Frameworks */,
				B3BAA91424B56B8B00C24C1C /* Resources */,
			);
			buildRules = (
			);
			dependencies = (
			);
			name = UnstoppableNotificationSound;
			productName = UnstoppableNotificationSound;
			productReference = B3BAA91624B56B8B00C24C1C /* UnstoppableNotificationSound.app */;
			productType = "com.apple.product-type.application";
		};
/* End PBXNativeTarget section */

/* Begin PBXProject section */
		B3BAA90E24B56B8B00C24C1C /* Project object */ = {
			isa = PBXProject;
			attributes = {
				LastSwiftUpdateCheck = 1200;
				LastUpgradeCheck = 1200;
				TargetAttributes = {
					B315002E24B57FE900AC9FC5 = {
						CreatedOnToolsVersion = 12.0;
					};
					B3BAA91524B56B8B00C24C1C = {
						CreatedOnToolsVersion = 12.0;
					};
				};
			};
			buildConfigurationList = B3BAA91124B56B8B00C24C1C /* Build configuration list for PBXProject "UnstoppableNotificationSound" */;
			compatibilityVersion = "Xcode 9.3";
			developmentRegion = en;
			hasScannedForEncodings = 0;
			knownRegions = (
				en,
				Base,
			);
			mainGroup = B3BAA90D24B56B8B00C24C1C;
			productRefGroup = B3BAA91724B56B8B00C24C1C /* Products */;
			projectDirPath = "";
			projectRoot = "";
			targets = (
				B3BAA91524B56B8B00C24C1C /* UnstoppableNotificationSound */,
				B315002E24B57FE900AC9FC5 /* UnstoppableNotificationSoundiOS */,
			);
		};
/* End PBXProject section */

/* Begin PBXResourcesBuildPhase section */
		B315002D24B57FE900AC9FC5 /* Resources */ = {
			isa = PBXResourcesBuildPhase;
			buildActionMask = 2147483647;
			files = (
				B3DCF20D24B5985A008EDA55 /* DigitalWatchFS22627.m4a in Resources */,
				B315003924B57FEA00AC9FC5 /* Preview Assets.xcassets in Resources */,
				B315003624B57FEA00AC9FC5 /* Assets.xcassets in Resources */,
			);
			runOnlyForDeploymentPostprocessing = 0;
		};
		B3BAA91424B56B8B00C24C1C /* Resources */ = {
			isa = PBXResourcesBuildPhase;
			buildActionMask = 2147483647;
			files = (
				B3DCF20C24B5985A008EDA55 /* DigitalWatchFS22627.m4a in Resources */,
				B3BAA92124B56B9100C24C1C /* Preview Assets.xcassets in Resources */,
				B3BAA91E24B56B9100C24C1C /* Assets.xcassets in Resources */,
			);
			runOnlyForDeploymentPostprocessing = 0;
		};
/* End PBXResourcesBuildPhase section */

/* Begin PBXSourcesBuildPhase section */
		B315002B24B57FE900AC9FC5 /* Sources */ = {
			isa = PBXSourcesBuildPhase;
			buildActionMask = 2147483647;
			files = (
				B3DCF20F24B5985A008EDA55 /* Notifications.swift in Sources */,
				B315003424B57FE900AC9FC5 /* ContentView.swift in Sources */,
				B315003224B57FE900AC9FC5 /* UnstoppableNotificationSoundiOSApp.swift in Sources */,
			);
			runOnlyForDeploymentPostprocessing = 0;
		};
		B3BAA91224B56B8B00C24C1C /* Sources */ = {
			isa = PBXSourcesBuildPhase;
			buildActionMask = 2147483647;
			files = (
				B3DCF20E24B5985A008EDA55 /* Notifications.swift in Sources */,
				B3BAA91C24B56B8B00C24C1C /* ContentView.swift in Sources */,
				B3BAA91A24B56B8B00C24C1C /* UnstoppableNotificationSoundApp.swift in Sources */,
			);
			runOnlyForDeploymentPostprocessing = 0;
		};
/* End PBXSourcesBuildPhase section */

/* Begin XCBuildConfiguration section */
		B315003C24B57FEA00AC9FC5 /* Debug */ = {
			isa = XCBuildConfiguration;
			buildSettings = {
				ASSETCATALOG_COMPILER_APPICON_NAME = AppIcon;
				ASSETCATALOG_COMPILER_GLOBAL_ACCENT_COLOR_NAME = AccentColor;
				CODE_SIGN_STYLE = Automatic;
				DEVELOPMENT_ASSET_PATHS = "\"UnstoppableNotificationSoundiOS/Preview Content\"";
				ENABLE_PREVIEWS = YES;
				INFOPLIST_FILE = UnstoppableNotificationSoundiOS/Info.plist;
				IPHONEOS_DEPLOYMENT_TARGET = 14.0;
				LD_RUNPATH_SEARCH_PATHS = (
					"$(inherited)",
					"@executable_path/Frameworks",
				);
				PRODUCT_BUNDLE_IDENTIFIER = com.dueapps.UnstoppableNotificationSoundiOS;
				PRODUCT_NAME = "$(TARGET_NAME)";
				SDKROOT = iphoneos;
				SWIFT_VERSION = 5.0;
				TARGETED_DEVICE_FAMILY = "1,2";
			};
			name = Debug;
		};
		B315003D24B57FEA00AC9FC5 /* Release */ = {
			isa = XCBuildConfiguration;
			buildSettings = {
				ASSETCATALOG_COMPILER_APPICON_NAME = AppIcon;
				ASSETCATALOG_COMPILER_GLOBAL_ACCENT_COLOR_NAME = AccentColor;
				CODE_SIGN_STYLE = Automatic;
				DEVELOPMENT_ASSET_PATHS = "\"UnstoppableNotificationSoundiOS/Preview Content\"";
				ENABLE_PREVIEWS = YES;
				INFOPLIST_FILE = UnstoppableNotificationSoundiOS/Info.plist;
				IPHONEOS_DEPLOYMENT_TARGET = 14.0;
				LD_RUNPATH_SEARCH_PATHS = (
					"$(inherited)",
					"@executable_path/Frameworks",
				);
				PRODUCT_BUNDLE_IDENTIFIER = com.dueapps.UnstoppableNotificationSoundiOS;
				PRODUCT_NAME = "$(TARGET_NAME)";
				SDKROOT = iphoneos;
				SWIFT_VERSION = 5.0;
				TARGETED_DEVICE_FAMILY = "1,2";
				VALIDATE_PRODUCT = YES;
			};
			name = Release;
		};
		B3BAA93A24B56B9100C24C1C /* Debug */ = {
			isa = XCBuildConfiguration;
			buildSettings = {
				ALWAYS_SEARCH_USER_PATHS = NO;
				CLANG_ANALYZER_NONNULL = YES;
				CLANG_ANALYZER_NUMBER_OBJECT_CONVERSION = YES_AGGRESSIVE;
				CLANG_CXX_LANGUAGE_STANDARD = "gnu++14";
				CLANG_CXX_LIBRARY = "libc++";
				CLANG_ENABLE_MODULES = YES;
				CLANG_ENABLE_OBJC_ARC = YES;
				CLANG_ENABLE_OBJC_WEAK = YES;
				CLANG_WARN_BLOCK_CAPTURE_AUTORELEASING = YES;
				CLANG_WARN_BOOL_CONVERSION = YES;
				CLANG_WARN_COMMA = YES;
				CLANG_WARN_CONSTANT_CONVERSION = YES;
				CLANG_WARN_DEPRECATED_OBJC_IMPLEMENTATIONS = YES;
				CLANG_WARN_DIRECT_OBJC_ISA_USAGE = YES_ERROR;
				CLANG_WARN_DOCUMENTATION_COMMENTS = YES;
				CLANG_WARN_EMPTY_BODY = YES;
				CLANG_WARN_ENUM_CONVERSION = YES;
				CLANG_WARN_INFINITE_RECURSION = YES;
				CLANG_WARN_INT_CONVERSION = YES;
				CLANG_WARN_NON_LITERAL_NULL_CONVERSION = YES;
				CLANG_WARN_OBJC_IMPLICIT_RETAIN_SELF = YES;
				CLANG_WARN_OBJC_LITERAL_CONVERSION = YES;
				CLANG_WARN_OBJC_ROOT_CLASS = YES_ERROR;
				CLANG_WARN_QUOTED_INCLUDE_IN_FRAMEWORK_HEADER = YES;
				CLANG_WARN_RANGE_LOOP_ANALYSIS = YES;
				CLANG_WARN_STRICT_PROTOTYPES = YES;
				CLANG_WARN_SUSPICIOUS_MOVE = YES;
				CLANG_WARN_UNGUARDED_AVAILABILITY = YES_AGGRESSIVE;
				CLANG_WARN_UNREACHABLE_CODE = YES;
				CLANG_WARN__DUPLICATE_METHOD_MATCH = YES;
				COPY_PHASE_STRIP = NO;
				DEBUG_INFORMATION_FORMAT = dwarf;
				ENABLE_STRICT_OBJC_MSGSEND = YES;
				ENABLE_TESTABILITY = YES;
				GCC_C_LANGUAGE_STANDARD = gnu11;
				GCC_DYNAMIC_NO_PIC = NO;
				GCC_NO_COMMON_BLOCKS = YES;
				GCC_OPTIMIZATION_LEVEL = 0;
				GCC_PREPROCESSOR_DEFINITIONS = (
					"DEBUG=1",
					"$(inherited)",
				);
				GCC_WARN_64_TO_32_BIT_CONVERSION = YES;
				GCC_WARN_ABOUT_RETURN_TYPE = YES_ERROR;
				GCC_WARN_UNDECLARED_SELECTOR = YES;
				GCC_WARN_UNINITIALIZED_AUTOS = YES_AGGRESSIVE;
				GCC_WARN_UNUSED_FUNCTION = YES;
				GCC_WARN_UNUSED_VARIABLE = YES;
				MACOSX_DEPLOYMENT_TARGET = 11.0;
				MTL_ENABLE_DEBUG_INFO = INCLUDE_SOURCE;
				MTL_FAST_MATH = YES;
				ONLY_ACTIVE_ARCH = YES;
				SDKROOT = macosx;
				SWIFT_ACTIVE_COMPILATION_CONDITIONS = DEBUG;
				SWIFT_OPTIMIZATION_LEVEL = "-Onone";
			};
			name = Debug;
		};
		B3BAA93B24B56B9100C24C1C /* Release */ = {
			isa = XCBuildConfiguration;
			buildSettings = {
				ALWAYS_SEARCH_USER_PATHS = NO;
				CLANG_ANALYZER_NONNULL = YES;
				CLANG_ANALYZER_NUMBER_OBJECT_CONVERSION = YES_AGGRESSIVE;
				CLANG_CXX_LANGUAGE_STANDARD = "gnu++14";
				CLANG_CXX_LIBRARY = "libc++";
				CLANG_ENABLE_MODULES = YES;
				CLANG_ENABLE_OBJC_ARC = YES;
				CLANG_ENABLE_OBJC_WEAK = YES;
				CLANG_WARN_BLOCK_CAPTURE_AUTORELEASING = YES;
				CLANG_WARN_BOOL_CONVERSION = YES;
				CLANG_WARN_COMMA = YES;
				CLANG_WARN_CONSTANT_CONVERSION = YES;
				CLANG_WARN_DEPRECATED_OBJC_IMPLEMENTATIONS = YES;
				CLANG_WARN_DIRECT_OBJC_ISA_USAGE = YES_ERROR;
				CLANG_WARN_DOCUMENTATION_COMMENTS = YES;
				CLANG_WARN_EMPTY_BODY = YES;
				CLANG_WARN_ENUM_CONVERSION = YES;
				CLANG_WARN_INFINITE_RECURSION = YES;
				CLANG_WARN_INT_CONVERSION = YES;
				CLANG_WARN_NON_LITERAL_NULL_CONVERSION = YES;
				CLANG_WARN_OBJC_IMPLICIT_RETAIN_SELF = YES;
				CLANG_WARN_OBJC_LITERAL_CONVERSION = YES;
				CLANG_WARN_OBJC_ROOT_CLASS = YES_ERROR;
				CLANG_WARN_QUOTED_INCLUDE_IN_FRAMEWORK_HEADER = YES;
				CLANG_WARN_RANGE_LOOP_ANALYSIS = YES;
				CLANG_WARN_STRICT_PROTOTYPES = YES;
				CLANG_WARN_SUSPICIOUS_MOVE = YES;
				CLANG_WARN_UNGUARDED_AVAILABILITY = YES_AGGRESSIVE;
				CLANG_WARN_UNREACHABLE_CODE = YES;
				CLANG_WARN__DUPLICATE_METHOD_MATCH = YES;
				COPY_PHASE_STRIP = NO;
				DEBUG_INFORMATION_FORMAT = "dwarf-with-dsym";
				ENABLE_NS_ASSERTIONS = NO;
				ENABLE_STRICT_OBJC_MSGSEND = YES;
				GCC_C_LANGUAGE_STANDARD = gnu11;
				GCC_NO_COMMON_BLOCKS = YES;
				GCC_WARN_64_TO_32_BIT_CONVERSION = YES;
				GCC_WARN_ABOUT_RETURN_TYPE = YES_ERROR;
				GCC_WARN_UNDECLARED_SELECTOR = YES;
				GCC_WARN_UNINITIALIZED_AUTOS = YES_AGGRESSIVE;
				GCC_WARN_UNUSED_FUNCTION = YES;
				GCC_WARN_UNUSED_VARIABLE = YES;
				MACOSX_DEPLOYMENT_TARGET = 11.0;
				MTL_ENABLE_DEBUG_INFO = NO;
				MTL_FAST_MATH = YES;
				SDKROOT = macosx;
				SWIFT_COMPILATION_MODE = wholemodule;
				SWIFT_OPTIMIZATION_LEVEL = "-O";
			};
			name = Release;
		};
		B3BAA93D24B56B9100C24C1C /* Debug */ = {
			isa = XCBuildConfiguration;
			buildSettings = {
				ASSETCATALOG_COMPILER_APPICON_NAME = AppIcon;
				ASSETCATALOG_COMPILER_GLOBAL_ACCENT_COLOR_NAME = AccentColor;
				CODE_SIGN_ENTITLEMENTS = UnstoppableNotificationSound/UnstoppableNotificationSound.entitlements;
				CODE_SIGN_STYLE = Automatic;
				COMBINE_HIDPI_IMAGES = YES;
				DEVELOPMENT_ASSET_PATHS = "\"UnstoppableNotificationSound/Preview Content\"";
				ENABLE_PREVIEWS = YES;
				INFOPLIST_FILE = UnstoppableNotificationSound/Info.plist;
				LD_RUNPATH_SEARCH_PATHS = (
					"$(inherited)",
					"@executable_path/../Frameworks",
				);
				MACOSX_DEPLOYMENT_TARGET = 10.16;
				PRODUCT_BUNDLE_IDENTIFIER = com.dueapps.UnstoppableNotificationSound;
				PRODUCT_NAME = "$(TARGET_NAME)";
				SWIFT_VERSION = 5.0;
			};
			name = Debug;
		};
		B3BAA93E24B56B9100C24C1C /* Release */ = {
			isa = XCBuildConfiguration;
			buildSettings = {
				ASSETCATALOG_COMPILER_APPICON_NAME = AppIcon;
				ASSETCATALOG_COMPILER_GLOBAL_ACCENT_COLOR_NAME = AccentColor;
				CODE_SIGN_ENTITLEMENTS = UnstoppableNotificationSound/UnstoppableNotificationSound.entitlements;
				CODE_SIGN_STYLE = Automatic;
				COMBINE_HIDPI_IMAGES = YES;
				DEVELOPMENT_ASSET_PATHS = "\"UnstoppableNotificationSound/Preview Content\"";
				ENABLE_PREVIEWS = YES;
				INFOPLIST_FILE = UnstoppableNotificationSound/Info.plist;
				LD_RUNPATH_SEARCH_PATHS = (
					"$(inherited)",
					"@executable_path/../Frameworks",
				);
				MACOSX_DEPLOYMENT_TARGET = 10.16;
				PRODUCT_BUNDLE_IDENTIFIER = com.dueapps.UnstoppableNotificationSound;
				PRODUCT_NAME = "$(TARGET_NAME)";
				SWIFT_VERSION = 5.0;
			};
			name = Release;
		};
/* End XCBuildConfiguration section */

/* Begin XCConfigurationList section */
		B315003B24B57FEA00AC9FC5 /* Build configuration list for PBXNativeTarget "UnstoppableNotificationSoundiOS" */ = {
			isa = XCConfigurationList;
			buildConfigurations = (
				B315003C24B57FEA00AC9FC5 /* Debug */,
				B315003D24B57FEA00AC9FC5 /* Release */,
			);
			defaultConfigurationIsVisible = 0;
			defaultConfigurationName = Release;
		};
		B3BAA91124B56B8B00C24C1C /* Build configuration list for PBXProject "UnstoppableNotificationSound" */ = {
			isa = XCConfigurationList;
			buildConfigurations = (
				B3BAA93A24B56B9100C24C1C /* Debug */,
				B3BAA93B24B56B9100C24C1C /* Release */,
			);
			defaultConfigurationIsVisible = 0;
			defaultConfigurationName = Release;
		};
		B3BAA93C24B56B9100C24C1C /* Build configuration list for PBXNativeTarget "UnstoppableNotificationSound" */ = {
			isa = XCConfigurationList;
			buildConfigurations = (
				B3BAA93D24B56B9100C24C1C /* Debug */,
				B3BAA93E24B56B9100C24C1C /* Release */,
			);
			defaultConfigurationIsVisible = 0;
			defaultConfigurationName = Release;
		};
/* End XCConfigurationList section */
	};
	rootObject = B3BAA90E24B56B8B00C24C1C /* Project object */;
}
